
Microsoft Visual Studio Solution File, Format Version 12.00
# Visual Studio Version 17
VisualStudioVersion = 17.12.35521.163 d17.12
MinimumVisualStudioVersion = 10.0.40219.1
Project("{FAE04EC0-301F-11D3-BF4B-00C04F79EFBC}") = "Lesson8task1", "Lesson8task1.csproj", "{92BB6BF0-7EB0-46B4-A0A5-E3644625AAAC}"
EndProject
Project("{FAE04EC0-301F-11D3-BF4B-00C04F79EFBC}") = "Lesson8task2", "..\Lesson8task2\Lesson8task2.csproj", "{07D5C3C2-19F6-43E0-A78E-E6C1012B47B9}"
EndProject
Project("{FAE04EC0-301F-11D3-BF4B-00C04F79EFBC}") = "Lesson8task3", "..\Lesson8task3\Lesson8task3.csproj", "{35951745-3B24-47A6-A1BA-78F2D5AFFC90}"
EndProject
Global
	GlobalSection(SolutionConfigurationPlatforms) = preSolution
		Debug|Any CPU = Debug|Any CPU
		Release|Any CPU = Release|Any CPU
	EndGlobalSection
	GlobalSection(ProjectConfigurationPlatforms) = postSolution
		{92BB6BF0-7EB0-46B4-A0A5-E3644625AAAC}.Debug|Any CPU.ActiveCfg = Debug|Any CPU
		{92BB6BF0-7EB0-46B4-A0A5-E3644625AAAC}.Debug|Any CPU.Build.0 = Debug|Any CPU
		{92BB6BF0-7EB0-46B4-A0A5-E3644625AAAC}.Release|Any CPU.ActiveCfg = Release|Any CPU
		{92BB6BF0-7EB0-46B4-A0A5-E3644625AAAC}.Release|Any CPU.Build.0 = Release|Any CPU
		{07D5C3C2-19F6-43E0-A78E-E6C1012B47B9}.Debug|Any CPU.ActiveCfg = Debug|Any CPU
		{07D5C3C2-19F6-43E0-A78E-E6C1012B47B9}.Debug|Any CPU.Build.0 = Debug|Any CPU
		{07D5C3C2-19F6-43E0-A78E-E6C1012B47B9}.Release|Any CPU.ActiveCfg = Release|Any CPU
		{07D5C3C2-19F6-43E0-A78E-E6C1012B47B9}.Release|Any CPU.Build.0 = Release|Any CPU
		{35951745-3B24-47A6-A1BA-78F2D5AFFC90}.Debug|Any CPU.ActiveCfg = Debug|Any CPU
		{35951745-3B24-47A6-A1BA-78F2D5AFFC90}.Debug|Any CPU.Build.0 = Debug|Any CPU
		{35951745-3B24-47A6-A1BA-78F2D5AFFC90}.Release|Any CPU.ActiveCfg = Release|Any CPU
		{35951745-3B24-47A6-A1BA-78F2D5AFFC90}.Release|Any CPU.Build.0 = Release|Any CPU
	EndGlobalSection
	GlobalSection(SolutionProperties) = preSolution
		HideSolutionNode = FALSE
	EndGlobalSection
EndGlobal
